
Microsoft Visual Studio Solution File, Format Version 12.00
# Visual Studio Version 16
VisualStudioVersion = 16.0.32929.386
MinimumVisualStudioVersion = 10.0.40219.1
Project("{FAE04EC0-301F-11D3-BF4B-00C04F79EFBC}") = "DWHub", "DWHub\DWHub.csproj", "{A048301E-722B-4C69-8466-985EF5CCBE68}"
EndProject
Global
	GlobalSection(SolutionConfigurationPlatforms) = preSolution
		Debug|Any CPU = Debug|Any CPU
		Release|Any CPU = Release|Any CPU
	EndGlobalSection
	GlobalSection(ProjectConfigurationPlatforms) = postSolution
		{A048301E-722B-4C69-8466-985EF5CCBE68}.Debug|Any CPU.ActiveCfg = Debug|Any CPU
		{A048301E-722B-4C69-8466-985EF5CCBE68}.Debug|Any CPU.Build.0 = Debug|Any CPU
		{A048301E-722B-4C69-8466-985EF5CCBE68}.Release|Any CPU.ActiveCfg = Release|Any CPU
		{A048301E-722B-4C69-8466-985EF5CCBE68}.Release|Any CPU.Build.0 = Release|Any CPU
	EndGlobalSection
	GlobalSection(SolutionProperties) = preSolution
		HideSolutionNode = FALSE
	EndGlobalSection
	GlobalSection(ExtensibilityGlobals) = postSolution
		SolutionGuid = {19D42F40-4985-4779-A8FF-1E946C7E77BB}
	EndGlobalSection
EndGlobal
